
Microsoft Visual Studio Solution File, Format Version 12.00
# Visual Studio Version 17
VisualStudioVersion = 17.7.34202.233
MinimumVisualStudioVersion = 10.0.40219.1
Project("{9A19103F-16F7-4668-BE54-9A1E7A4F7556}") = "ConsoleApp1", "ConsoleApp1\ConsoleApp1.csproj", "{C7ADC772-6302-4A2D-8941-7BA4F7FCE5D5}"
EndProject
Project("{9A19103F-16F7-4668-BE54-9A1E7A4F7556}") = "TypesAndVariables", "TypesAndVariables\TypesAndVariables.csproj", "{E12CCC73-7EE4-4FC3-B1F4-BAB4642EF062}"
EndProject
Project("{FAE04EC0-301F-11D3-BF4B-00C04F79EFBC}") = "Conditionals", "Conditionals\Conditionals.csproj", "{BD5B54EF-A999-4213-A929-135B71F6700B}"
EndProject
Global
	GlobalSection(SolutionConfigurationPlatforms) = preSolution
		Debug|Any CPU = Debug|Any CPU
		Release|Any CPU = Release|Any CPU
	EndGlobalSection
	GlobalSection(ProjectConfigurationPlatforms) = postSolution
		{C7ADC772-6302-4A2D-8941-7BA4F7FCE5D5}.Debug|Any CPU.ActiveCfg = Debug|Any CPU
		{C7ADC772-6302-4A2D-8941-7BA4F7FCE5D5}.Debug|Any CPU.Build.0 = Debug|Any CPU
		{C7ADC772-6302-4A2D-8941-7BA4F7FCE5D5}.Release|Any CPU.ActiveCfg = Release|Any CPU
		{C7ADC772-6302-4A2D-8941-7BA4F7FCE5D5}.Release|Any CPU.Build.0 = Release|Any CPU
		{E12CCC73-7EE4-4FC3-B1F4-BAB4642EF062}.Debug|Any CPU.ActiveCfg = Debug|Any CPU
		{E12CCC73-7EE4-4FC3-B1F4-BAB4642EF062}.Debug|Any CPU.Build.0 = Debug|Any CPU
		{E12CCC73-7EE4-4FC3-B1F4-BAB4642EF062}.Release|Any CPU.ActiveCfg = Release|Any CPU
		{E12CCC73-7EE4-4FC3-B1F4-BAB4642EF062}.Release|Any CPU.Build.0 = Release|Any CPU
		{BD5B54EF-A999-4213-A929-135B71F6700B}.Debug|Any CPU.ActiveCfg = Debug|Any CPU
		{BD5B54EF-A999-4213-A929-135B71F6700B}.Debug|Any CPU.Build.0 = Debug|Any CPU
		{BD5B54EF-A999-4213-A929-135B71F6700B}.Release|Any CPU.ActiveCfg = Release|Any CPU
		{BD5B54EF-A999-4213-A929-135B71F6700B}.Release|Any CPU.Build.0 = Release|Any CPU
	EndGlobalSection
	GlobalSection(SolutionProperties) = preSolution
		HideSolutionNode = FALSE
	EndGlobalSection
	GlobalSection(ExtensibilityGlobals) = postSolution
		SolutionGuid = {AD63969F-E3CF-4D3A-84FC-856F4F7C5C2F}
	EndGlobalSection
EndGlobal
